
Microsoft Visual Studio Solution File, Format Version 12.00
# Visual Studio Version 16
VisualStudioVersion = 16.0.29920.165
MinimumVisualStudioVersion = 10.0.40219.1
Project("{FAE04EC0-301F-11D3-BF4B-00C04F79EFBC}") = "SpotifyFinder", "SpotifyFinder.csproj", "{5D17C8B3-514F-4EBA-ABB1-C300D02F91CB}"
EndProject
Global
	GlobalSection(SolutionConfigurationPlatforms) = preSolution
		Debug|Any CPU = Debug|Any CPU
		Release|Any CPU = Release|Any CPU
	EndGlobalSection
	GlobalSection(ProjectConfigurationPlatforms) = postSolution
		{5D17C8B3-514F-4EBA-ABB1-C300D02F91CB}.Debug|Any CPU.ActiveCfg = Debug|Any CPU
		{5D17C8B3-514F-4EBA-ABB1-C300D02F91CB}.Debug|Any CPU.Build.0 = Debug|Any CPU
		{5D17C8B3-514F-4EBA-ABB1-C300D02F91CB}.Release|Any CPU.ActiveCfg = Release|Any CPU
		{5D17C8B3-514F-4EBA-ABB1-C300D02F91CB}.Release|Any CPU.Build.0 = Release|Any CPU
	EndGlobalSection
	GlobalSection(SolutionProperties) = preSolution
		HideSolutionNode = FALSE
	EndGlobalSection
	GlobalSection(ExtensibilityGlobals) = postSolution
		SolutionGuid = {6EF9CB6D-88CE-4D8E-B7F8-150575784BDD}
	EndGlobalSection
EndGlobal
